
Microsoft Visual Studio Solution File, Format Version 12.00
# Visual Studio Version 17
VisualStudioVersion = 17.13.35931.197 d17.13
MinimumVisualStudioVersion = 10.0.40219.1
Project("{FAE04EC0-301F-11D3-BF4B-00C04F79EFBC}") = "Ejer2 - Act1", "Ejer2 - Act1\Ejer2 - Act1.csproj", "{5E071846-6EA1-4D49-A12F-5DBCA696800B}"
EndProject
Global
	GlobalSection(SolutionConfigurationPlatforms) = preSolution
		Debug|Any CPU = Debug|Any CPU
		Release|Any CPU = Release|Any CPU
	EndGlobalSection
	GlobalSection(ProjectConfigurationPlatforms) = postSolution
		{5E071846-6EA1-4D49-A12F-5DBCA696800B}.Debug|Any CPU.ActiveCfg = Debug|Any CPU
		{5E071846-6EA1-4D49-A12F-5DBCA696800B}.Debug|Any CPU.Build.0 = Debug|Any CPU
		{5E071846-6EA1-4D49-A12F-5DBCA696800B}.Release|Any CPU.ActiveCfg = Release|Any CPU
		{5E071846-6EA1-4D49-A12F-5DBCA696800B}.Release|Any CPU.Build.0 = Release|Any CPU
	EndGlobalSection
	GlobalSection(SolutionProperties) = preSolution
		HideSolutionNode = FALSE
	EndGlobalSection
	GlobalSection(ExtensibilityGlobals) = postSolution
		SolutionGuid = {D5B4F842-162B-494B-B2B7-9FE30F97EC88}
	EndGlobalSection
EndGlobal
